{
  "name": "zustand-primary",
  "lockfileVersion": 3,
  "requires": true,
  "packages": {
    "": {
      "dependencies": {
        "idb-keyval": "^6.2.1",
        "immer": "^10.1.1",
        "superjson": "^2.2.2"
      }
    },
    "node_modules/copy-anything": {
      "version": "3.0.5",
      "resolved": "https://mirrors.cloud.tencent.com/npm/copy-anything/-/copy-anything-3.0.5.tgz",
      "integrity": "sha512-yCEafptTtb4bk7GLEQoM8KVJpxAfdBJYaXyzQEgQQQgYrZiDp8SJmGKlYza6CYjEDNstAdNdKA3UuoULlEbS6w==",
      "dependencies": {
        "is-what": "^4.1.8"
      },
      "engines": {
        "node": ">=12.13"
      },
      "funding": {
        "url": "https://github.com/sponsors/mesqueeb"
      }
    },
    "node_modules/idb-keyval": {
      "version": "6.2.1",
      "resolved": "https://mirrors.cloud.tencent.com/npm/idb-keyval/-/idb-keyval-6.2.1.tgz",
      "integrity": "sha512-8Sb3veuYCyrZL+VBt9LJfZjLUPWVvqn8tG28VqYNFCo43KHcKuq+b4EiXGeuaLAQWL2YmyDgMp2aSpH9JHsEQg=="
    },
    "node_modules/immer": {
      "version": "10.1.1",
      "resolved": "https://mirrors.cloud.tencent.com/npm/immer/-/immer-10.1.1.tgz",
      "integrity": "sha512-s2MPrmjovJcoMaHtx6K11Ra7oD05NT97w1IC5zpMkT6Atjr7H8LjaDd81iIxUYpMKSRRNMJE703M1Fhr/TctHw==",
      "funding": {
        "type": "opencollective",
        "url": "https://opencollective.com/immer"
      }
    },
    "node_modules/is-what": {
      "version": "4.1.16",
      "resolved": "https://mirrors.cloud.tencent.com/npm/is-what/-/is-what-4.1.16.tgz",
      "integrity": "sha512-ZhMwEosbFJkA0YhFnNDgTM4ZxDRsS6HqTo7qsZM08fehyRYIYa0yHu5R6mgo1n/8MgaPBXiPimPD77baVFYg+A==",
      "engines": {
        "node": ">=12.13"
      },
      "funding": {
        "url": "https://github.com/sponsors/mesqueeb"
      }
    },
    "node_modules/superjson": {
      "version": "2.2.2",
      "resolved": "https://mirrors.cloud.tencent.com/npm/superjson/-/superjson-2.2.2.tgz",
      "integrity": "sha512-5JRxVqC8I8NuOUjzBbvVJAKNM8qoVuH0O77h4WInc/qC2q5IreqKxYwgkga3PfA22OayK2ikceb/B26dztPl+Q==",
      "dependencies": {
        "copy-anything": "^3.0.2"
      },
      "engines": {
        "node": ">=16"
      }
    }
  }
}
